
Microsoft Visual Studio Solution File, Format Version 12.00
# Visual Studio Version 16
VisualStudioVersion = 16.0.30717.126
MinimumVisualStudioVersion = 10.0.40219.1
Project("{FAE04EC0-301F-11D3-BF4B-00C04F79EFBC}") = "NEA - Projectile Motion", "NEA - Projectile Motion\NEA - Projectile Motion.csproj", "{A1171779-CB7D-4505-A766-9D163A6753A1}"
EndProject
Project("{FAE04EC0-301F-11D3-BF4B-00C04F79EFBC}") = "ContainerUserControl", "ContainerUserControl\ContainerUserControl.csproj", "{9FA245AE-3AA0-4875-8CF6-3744BC8F13D1}"
EndProject
Global
	GlobalSection(SolutionConfigurationPlatforms) = preSolution
		Debug|Any CPU = Debug|Any CPU
		Release|Any CPU = Release|Any CPU
	EndGlobalSection
	GlobalSection(ProjectConfigurationPlatforms) = postSolution
		{A1171779-CB7D-4505-A766-9D163A6753A1}.Debug|Any CPU.ActiveCfg = Debug|Any CPU
		{A1171779-CB7D-4505-A766-9D163A6753A1}.Debug|Any CPU.Build.0 = Debug|Any CPU
		{A1171779-CB7D-4505-A766-9D163A6753A1}.Release|Any CPU.ActiveCfg = Release|Any CPU
		{A1171779-CB7D-4505-A766-9D163A6753A1}.Release|Any CPU.Build.0 = Release|Any CPU
		{9FA245AE-3AA0-4875-8CF6-3744BC8F13D1}.Debug|Any CPU.ActiveCfg = Debug|Any CPU
		{9FA245AE-3AA0-4875-8CF6-3744BC8F13D1}.Debug|Any CPU.Build.0 = Debug|Any CPU
		{9FA245AE-3AA0-4875-8CF6-3744BC8F13D1}.Release|Any CPU.ActiveCfg = Release|Any CPU
		{9FA245AE-3AA0-4875-8CF6-3744BC8F13D1}.Release|Any CPU.Build.0 = Release|Any CPU
	EndGlobalSection
	GlobalSection(SolutionProperties) = preSolution
		HideSolutionNode = FALSE
	EndGlobalSection
	GlobalSection(ExtensibilityGlobals) = postSolution
		SolutionGuid = {6E2E721B-E29A-4454-AAB7-0A106B597B3D}
	EndGlobalSection
EndGlobal
